
Microsoft Visual Studio Solution File, Format Version 12.00
# Visual Studio Version 16
VisualStudioVersion = 16.0.31105.61
MinimumVisualStudioVersion = 10.0.40219.1
Project("{9A19103F-16F7-4668-BE54-9A1E7A4F7556}") = "SupervisorConsole", "Supervisor\SupervisorConsole.csproj", "{577D0709-C96D-4014-95CA-BD2160F4C075}"
EndProject
Project("{9A19103F-16F7-4668-BE54-9A1E7A4F7556}") = "LibaryCore", "LibaryCore\LibaryCore.csproj", "{2EF0E4A2-5D7A-4E31-9196-C099C39B75B3}"
EndProject
Project("{9A19103F-16F7-4668-BE54-9A1E7A4F7556}") = "ExceptionsLibrary", "ExceptionsLibrary\ExceptionsLibrary.csproj", "{32CD4D53-7B4E-4981-B1B8-DE2223D64680}"
EndProject
Project("{9A19103F-16F7-4668-BE54-9A1E7A4F7556}") = "Watcher", "Watcher\Watcher.csproj", "{FD2A894F-F2F1-4ACF-9A9C-140B8C614E7D}"
EndProject
Project("{9A19103F-16F7-4668-BE54-9A1E7A4F7556}") = "Setting", "Setting\Setting.csproj", "{DB65EE27-4C24-4DE2-BB62-3ADE71BE27B5}"
EndProject
Project("{9A19103F-16F7-4668-BE54-9A1E7A4F7556}") = "MyServise", "MyServise\MyServise.csproj", "{A378CAD4-953D-4B84-8E7C-B4902C47ACC7}"
EndProject
Project("{FAE04EC0-301F-11D3-BF4B-00C04F79EFBC}") = "Track", "Track\Track.csproj", "{1B96A199-27B6-467E-81B8-6560B38912F7}"
EndProject
Global
	GlobalSection(SolutionConfigurationPlatforms) = preSolution
		Debug|Any CPU = Debug|Any CPU
		Release|Any CPU = Release|Any CPU
	EndGlobalSection
	GlobalSection(ProjectConfigurationPlatforms) = postSolution
		{577D0709-C96D-4014-95CA-BD2160F4C075}.Debug|Any CPU.ActiveCfg = Debug|Any CPU
		{577D0709-C96D-4014-95CA-BD2160F4C075}.Debug|Any CPU.Build.0 = Debug|Any CPU
		{577D0709-C96D-4014-95CA-BD2160F4C075}.Release|Any CPU.ActiveCfg = Release|Any CPU
		{577D0709-C96D-4014-95CA-BD2160F4C075}.Release|Any CPU.Build.0 = Release|Any CPU
		{2EF0E4A2-5D7A-4E31-9196-C099C39B75B3}.Debug|Any CPU.ActiveCfg = Debug|Any CPU
		{2EF0E4A2-5D7A-4E31-9196-C099C39B75B3}.Debug|Any CPU.Build.0 = Debug|Any CPU
		{2EF0E4A2-5D7A-4E31-9196-C099C39B75B3}.Release|Any CPU.ActiveCfg = Release|Any CPU
		{2EF0E4A2-5D7A-4E31-9196-C099C39B75B3}.Release|Any CPU.Build.0 = Release|Any CPU
		{32CD4D53-7B4E-4981-B1B8-DE2223D64680}.Debug|Any CPU.ActiveCfg = Debug|Any CPU
		{32CD4D53-7B4E-4981-B1B8-DE2223D64680}.Debug|Any CPU.Build.0 = Debug|Any CPU
		{32CD4D53-7B4E-4981-B1B8-DE2223D64680}.Release|Any CPU.ActiveCfg = Release|Any CPU
		{32CD4D53-7B4E-4981-B1B8-DE2223D64680}.Release|Any CPU.Build.0 = Release|Any CPU
		{FD2A894F-F2F1-4ACF-9A9C-140B8C614E7D}.Debug|Any CPU.ActiveCfg = Debug|Any CPU
		{FD2A894F-F2F1-4ACF-9A9C-140B8C614E7D}.Debug|Any CPU.Build.0 = Debug|Any CPU
		{FD2A894F-F2F1-4ACF-9A9C-140B8C614E7D}.Release|Any CPU.ActiveCfg = Release|Any CPU
		{FD2A894F-F2F1-4ACF-9A9C-140B8C614E7D}.Release|Any CPU.Build.0 = Release|Any CPU
		{DB65EE27-4C24-4DE2-BB62-3ADE71BE27B5}.Debug|Any CPU.ActiveCfg = Debug|Any CPU
		{DB65EE27-4C24-4DE2-BB62-3ADE71BE27B5}.Debug|Any CPU.Build.0 = Debug|Any CPU
		{DB65EE27-4C24-4DE2-BB62-3ADE71BE27B5}.Release|Any CPU.ActiveCfg = Release|Any CPU
		{DB65EE27-4C24-4DE2-BB62-3ADE71BE27B5}.Release|Any CPU.Build.0 = Release|Any CPU
		{A378CAD4-953D-4B84-8E7C-B4902C47ACC7}.Debug|Any CPU.ActiveCfg = Debug|Any CPU
		{A378CAD4-953D-4B84-8E7C-B4902C47ACC7}.Debug|Any CPU.Build.0 = Debug|Any CPU
		{A378CAD4-953D-4B84-8E7C-B4902C47ACC7}.Release|Any CPU.ActiveCfg = Release|Any CPU
		{A378CAD4-953D-4B84-8E7C-B4902C47ACC7}.Release|Any CPU.Build.0 = Release|Any CPU
		{1B96A199-27B6-467E-81B8-6560B38912F7}.Debug|Any CPU.ActiveCfg = Debug|Any CPU
		{1B96A199-27B6-467E-81B8-6560B38912F7}.Debug|Any CPU.Build.0 = Debug|Any CPU
		{1B96A199-27B6-467E-81B8-6560B38912F7}.Release|Any CPU.ActiveCfg = Release|Any CPU
		{1B96A199-27B6-467E-81B8-6560B38912F7}.Release|Any CPU.Build.0 = Release|Any CPU
	EndGlobalSection
	GlobalSection(SolutionProperties) = preSolution
		HideSolutionNode = FALSE
	EndGlobalSection
	GlobalSection(ExtensibilityGlobals) = postSolution
		SolutionGuid = {6EE02A86-C1CC-4F0D-AE4A-7481FD6DDC3C}
	EndGlobalSection
EndGlobal
